
Microsoft Visual Studio Solution File, Format Version 12.00
# Visual Studio 2013
VisualStudioVersion = 12.0.21005.1
MinimumVisualStudioVersion = 10.0.40219.1
Project("{FAE04EC0-301F-11D3-BF4B-00C04F79EFBC}") = "Refrigerator", "Refrigerator\Refrigerator.csproj", "{745EEC27-6B8B-4E79-BC0D-DF6E67880809}"
EndProject
Global
	GlobalSection(SolutionConfigurationPlatforms) = preSolution
		Debug|Any CPU = Debug|Any CPU
		Release|Any CPU = Release|Any CPU
	EndGlobalSection
	GlobalSection(ProjectConfigurationPlatforms) = postSolution
		{745EEC27-6B8B-4E79-BC0D-DF6E67880809}.Debug|Any CPU.ActiveCfg = Debug|Any CPU
		{745EEC27-6B8B-4E79-BC0D-DF6E67880809}.Debug|Any CPU.Build.0 = Debug|Any CPU
		{745EEC27-6B8B-4E79-BC0D-DF6E67880809}.Release|Any CPU.ActiveCfg = Release|Any CPU
		{745EEC27-6B8B-4E79-BC0D-DF6E67880809}.Release|Any CPU.Build.0 = Release|Any CPU
	EndGlobalSection
	GlobalSection(SolutionProperties) = preSolution
		HideSolutionNode = FALSE
	EndGlobalSection
EndGlobal
